
Microsoft Visual Studio Solution File, Format Version 12.00
# Visual Studio Version 17
VisualStudioVersion = 17.6.33829.357
MinimumVisualStudioVersion = 10.0.40219.1
Project("{FAE04EC0-301F-11D3-BF4B-00C04F79EFBC}") = "backend", "backend.csproj", "{3051AA4B-3315-45CD-8488-EF9CF5DE33A2}"
EndProject
Global
	GlobalSection(SolutionConfigurationPlatforms) = preSolution
		Debug|Any CPU = Debug|Any CPU
		Release|Any CPU = Release|Any CPU
	EndGlobalSection
	GlobalSection(ProjectConfigurationPlatforms) = postSolution
		{3051AA4B-3315-45CD-8488-EF9CF5DE33A2}.Debug|Any CPU.ActiveCfg = Debug|Any CPU
		{3051AA4B-3315-45CD-8488-EF9CF5DE33A2}.Debug|Any CPU.Build.0 = Debug|Any CPU
		{3051AA4B-3315-45CD-8488-EF9CF5DE33A2}.Release|Any CPU.ActiveCfg = Release|Any CPU
		{3051AA4B-3315-45CD-8488-EF9CF5DE33A2}.Release|Any CPU.Build.0 = Release|Any CPU
	EndGlobalSection
	GlobalSection(SolutionProperties) = preSolution
		HideSolutionNode = FALSE
	EndGlobalSection
	GlobalSection(ExtensibilityGlobals) = postSolution
		SolutionGuid = {B22F6655-BB39-410E-B323-AA99A3045680}
	EndGlobalSection
EndGlobal
